<?xml version="1.0" encoding="utf-8"?>
<Project ToolsVersion="4.0" xmlns="http://schemas.microsoft.com/developer/msbuild/2003">
  <ItemGroup>
    <ClCompile Include="MarketApi.Custom.cpp" />
    <ClCompile Include="TraderApi.Custom.cpp" />
    <ClCompile Include="MarketApi.g.cpp" />
    <ClCompile Include="TraderApi.g.cpp" />
    <ClCompile Include="MarketSpi.g.cpp" />
    <ClCompile Include="TraderSpi.g.cpp" />
  </ItemGroup>
</Project>